
Microsoft Visual Studio Solution File, Format Version 12.00
# Visual Studio 14
VisualStudioVersion = 14.0.23107.0
MinimumVisualStudioVersion = 10.0.40219.1
Project("{FAE04EC0-301F-11D3-BF4B-00C04F79EFBC}") = "ExcelChartTool", "ExcelChartTool\ExcelChartTool.csproj", "{BBA5D09F-6246-468F-B659-13CA2B198BC2}"
EndProject
Project("{FAE04EC0-301F-11D3-BF4B-00C04F79EFBC}") = "OpenXMLTools", "OpenXMLTools\OpenXMLTools.csproj", "{1E374391-ECFE-412C-8A2B-97BAEC88DFAE}"
EndProject
Project("{FAE04EC0-301F-11D3-BF4B-00C04F79EFBC}") = "OpenxmlConsoleApplication", "OpenxmlConsoleApplication\OpenxmlConsoleApplication.csproj", "{14498AA5-DA4C-46E7-A1D1-6BFABFC18602}"
EndProject
Global
	GlobalSection(SolutionConfigurationPlatforms) = preSolution
		Debug|Any CPU = Debug|Any CPU
		Release|Any CPU = Release|Any CPU
	EndGlobalSection
	GlobalSection(ProjectConfigurationPlatforms) = postSolution
		{BBA5D09F-6246-468F-B659-13CA2B198BC2}.Debug|Any CPU.ActiveCfg = Debug|Any CPU
		{BBA5D09F-6246-468F-B659-13CA2B198BC2}.Debug|Any CPU.Build.0 = Debug|Any CPU
		{BBA5D09F-6246-468F-B659-13CA2B198BC2}.Release|Any CPU.ActiveCfg = Release|Any CPU
		{BBA5D09F-6246-468F-B659-13CA2B198BC2}.Release|Any CPU.Build.0 = Release|Any CPU
		{1E374391-ECFE-412C-8A2B-97BAEC88DFAE}.Debug|Any CPU.ActiveCfg = Debug|Any CPU
		{1E374391-ECFE-412C-8A2B-97BAEC88DFAE}.Debug|Any CPU.Build.0 = Debug|Any CPU
		{1E374391-ECFE-412C-8A2B-97BAEC88DFAE}.Release|Any CPU.ActiveCfg = Release|Any CPU
		{1E374391-ECFE-412C-8A2B-97BAEC88DFAE}.Release|Any CPU.Build.0 = Release|Any CPU
		{14498AA5-DA4C-46E7-A1D1-6BFABFC18602}.Debug|Any CPU.ActiveCfg = Debug|Any CPU
		{14498AA5-DA4C-46E7-A1D1-6BFABFC18602}.Debug|Any CPU.Build.0 = Debug|Any CPU
		{14498AA5-DA4C-46E7-A1D1-6BFABFC18602}.Release|Any CPU.ActiveCfg = Release|Any CPU
		{14498AA5-DA4C-46E7-A1D1-6BFABFC18602}.Release|Any CPU.Build.0 = Release|Any CPU
	EndGlobalSection
	GlobalSection(SolutionProperties) = preSolution
		HideSolutionNode = FALSE
	EndGlobalSection
EndGlobal
